
Microsoft Visual Studio Solution File, Format Version 12.00
# Visual Studio Version 16
VisualStudioVersion = 16.0.32510.428
MinimumVisualStudioVersion = 10.0.40219.1
Project("{FAE04EC0-301F-11D3-BF4B-00C04F79EFBC}") = "Entities", "Entities\Entities.csproj", "{32FF190B-8D61-468B-94AC-2D15F04EF027}"
EndProject
Project("{FAE04EC0-301F-11D3-BF4B-00C04F79EFBC}") = "DataAccess", "DataAccess\DataAccess.csproj", "{725D5A4D-52DD-4399-928D-8CD9E692DA10}"
EndProject
Project("{FAE04EC0-301F-11D3-BF4B-00C04F79EFBC}") = "Business", "Business\Business.csproj", "{15870CAE-7B62-4E26-A425-84FC612B310F}"
EndProject
Project("{FAE04EC0-301F-11D3-BF4B-00C04F79EFBC}") = "ConsoleUI", "ConsoleUI\ConsoleUI.csproj", "{B31EDBD3-F192-43A8-9A82-279677BC5A20}"
EndProject
Global
	GlobalSection(SolutionConfigurationPlatforms) = preSolution
		Debug|Any CPU = Debug|Any CPU
		Release|Any CPU = Release|Any CPU
	EndGlobalSection
	GlobalSection(ProjectConfigurationPlatforms) = postSolution
		{32FF190B-8D61-468B-94AC-2D15F04EF027}.Debug|Any CPU.ActiveCfg = Debug|Any CPU
		{32FF190B-8D61-468B-94AC-2D15F04EF027}.Debug|Any CPU.Build.0 = Debug|Any CPU
		{32FF190B-8D61-468B-94AC-2D15F04EF027}.Release|Any CPU.ActiveCfg = Release|Any CPU
		{32FF190B-8D61-468B-94AC-2D15F04EF027}.Release|Any CPU.Build.0 = Release|Any CPU
		{725D5A4D-52DD-4399-928D-8CD9E692DA10}.Debug|Any CPU.ActiveCfg = Debug|Any CPU
		{725D5A4D-52DD-4399-928D-8CD9E692DA10}.Debug|Any CPU.Build.0 = Debug|Any CPU
		{725D5A4D-52DD-4399-928D-8CD9E692DA10}.Release|Any CPU.ActiveCfg = Release|Any CPU
		{725D5A4D-52DD-4399-928D-8CD9E692DA10}.Release|Any CPU.Build.0 = Release|Any CPU
		{15870CAE-7B62-4E26-A425-84FC612B310F}.Debug|Any CPU.ActiveCfg = Debug|Any CPU
		{15870CAE-7B62-4E26-A425-84FC612B310F}.Debug|Any CPU.Build.0 = Debug|Any CPU
		{15870CAE-7B62-4E26-A425-84FC612B310F}.Release|Any CPU.ActiveCfg = Release|Any CPU
		{15870CAE-7B62-4E26-A425-84FC612B310F}.Release|Any CPU.Build.0 = Release|Any CPU
		{B31EDBD3-F192-43A8-9A82-279677BC5A20}.Debug|Any CPU.ActiveCfg = Debug|Any CPU
		{B31EDBD3-F192-43A8-9A82-279677BC5A20}.Debug|Any CPU.Build.0 = Debug|Any CPU
		{B31EDBD3-F192-43A8-9A82-279677BC5A20}.Release|Any CPU.ActiveCfg = Release|Any CPU
		{B31EDBD3-F192-43A8-9A82-279677BC5A20}.Release|Any CPU.Build.0 = Release|Any CPU
	EndGlobalSection
	GlobalSection(SolutionProperties) = preSolution
		HideSolutionNode = FALSE
	EndGlobalSection
	GlobalSection(ExtensibilityGlobals) = postSolution
		SolutionGuid = {13C28210-858B-4A66-B17B-ABA4C0484F23}
	EndGlobalSection
EndGlobal
